
Microsoft Visual Studio Solution File, Format Version 12.00
# Visual Studio Version 16
VisualStudioVersion = 16.0.33328.57
MinimumVisualStudioVersion = 10.0.40219.1
Project("{FAE04EC0-301F-11D3-BF4B-00C04F79EFBC}") = "Calculator", "Calculator.csproj", "{8BAD3FED-4F0F-4BF8-B33B-5D07B5252F6A}"
EndProject
Global
	GlobalSection(SolutionConfigurationPlatforms) = preSolution
		Debug|Any CPU = Debug|Any CPU
		Release|Any CPU = Release|Any CPU
	EndGlobalSection
	GlobalSection(ProjectConfigurationPlatforms) = postSolution
		{8BAD3FED-4F0F-4BF8-B33B-5D07B5252F6A}.Debug|Any CPU.ActiveCfg = Debug|Any CPU
		{8BAD3FED-4F0F-4BF8-B33B-5D07B5252F6A}.Debug|Any CPU.Build.0 = Debug|Any CPU
		{8BAD3FED-4F0F-4BF8-B33B-5D07B5252F6A}.Release|Any CPU.ActiveCfg = Release|Any CPU
		{8BAD3FED-4F0F-4BF8-B33B-5D07B5252F6A}.Release|Any CPU.Build.0 = Release|Any CPU
	EndGlobalSection
	GlobalSection(SolutionProperties) = preSolution
		HideSolutionNode = FALSE
	EndGlobalSection
	GlobalSection(ExtensibilityGlobals) = postSolution
		SolutionGuid = {3763B63C-10FE-4E6A-B516-49819D76B132}
	EndGlobalSection
EndGlobal
